
Microsoft Visual Studio Solution File, Format Version 12.00
# Visual Studio Version 17
VisualStudioVersion = 17.5.33530.505
MinimumVisualStudioVersion = 10.0.40219.1
Project("{9A19103F-16F7-4668-BE54-9A1E7A4F7556}") = "Eon", "UiDesktopApp5\Eon.csproj", "{F1E75F68-3562-465A-B1C0-90FFBA894668}"
EndProject
Global
	GlobalSection(SolutionConfigurationPlatforms) = preSolution
		Debug|Any CPU = Debug|Any CPU
		Debug|x64 = Debug|x64
		DevTesting|Any CPU = DevTesting|Any CPU
		DevTesting|x64 = DevTesting|x64
		Headless|Any CPU = Headless|Any CPU
		Headless|x64 = Headless|x64
		Release|Any CPU = Release|Any CPU
		Release|x64 = Release|x64
	EndGlobalSection
	GlobalSection(ProjectConfigurationPlatforms) = postSolution
		{F1E75F68-3562-465A-B1C0-90FFBA894668}.Debug|Any CPU.ActiveCfg = Debug|Any CPU
		{F1E75F68-3562-465A-B1C0-90FFBA894668}.Debug|Any CPU.Build.0 = Debug|Any CPU
		{F1E75F68-3562-465A-B1C0-90FFBA894668}.Debug|x64.ActiveCfg = Debug|x64
		{F1E75F68-3562-465A-B1C0-90FFBA894668}.Debug|x64.Build.0 = Debug|x64
		{F1E75F68-3562-465A-B1C0-90FFBA894668}.DevTesting|Any CPU.ActiveCfg = Release|x64
		{F1E75F68-3562-465A-B1C0-90FFBA894668}.DevTesting|Any CPU.Build.0 = Release|x64
		{F1E75F68-3562-465A-B1C0-90FFBA894668}.DevTesting|x64.ActiveCfg = DevTesting|x64
		{F1E75F68-3562-465A-B1C0-90FFBA894668}.DevTesting|x64.Build.0 = DevTesting|x64
		{F1E75F68-3562-465A-B1C0-90FFBA894668}.Headless|Any CPU.ActiveCfg = Headless|x64
		{F1E75F68-3562-465A-B1C0-90FFBA894668}.Headless|Any CPU.Build.0 = Headless|x64
		{F1E75F68-3562-465A-B1C0-90FFBA894668}.Headless|x64.ActiveCfg = Headless|x64
		{F1E75F68-3562-465A-B1C0-90FFBA894668}.Headless|x64.Build.0 = Headless|x64
		{F1E75F68-3562-465A-B1C0-90FFBA894668}.Release|Any CPU.ActiveCfg = Release|x64
		{F1E75F68-3562-465A-B1C0-90FFBA894668}.Release|Any CPU.Build.0 = Release|x64
		{F1E75F68-3562-465A-B1C0-90FFBA894668}.Release|x64.ActiveCfg = Release|x64
		{F1E75F68-3562-465A-B1C0-90FFBA894668}.Release|x64.Build.0 = Release|x64
	EndGlobalSection
	GlobalSection(SolutionProperties) = preSolution
		HideSolutionNode = FALSE
	EndGlobalSection
	GlobalSection(ExtensibilityGlobals) = postSolution
		SolutionGuid = {8EE187DD-D2C7-4691-B975-9C618420A271}
	EndGlobalSection
EndGlobal
